{
    "name": "lib",
    "version": "1.0.0",
    "lockfileVersion": 3,
    "requires": true,
    "packages": {
        "": {
            "name": "lib",
            "version": "1.0.0",
            "license": "ISC",
            "dependencies": {
                "@fortawesome/fontawesome-free": "^6.1.2",
                "axios": "^0.27.2",
                "bootstrap": "4.6.2",
                "bootstrap-fileinput": "^5.5.1",
                "bootstrap-select": "^1.13.18",
                "cropper": "^4.1.0",
                "daterangepicker": "^3.1.0",
                "jquery": "^3.6.1",
                "jquery-ui-dist": "^1.13.2",
                "moment": "^2.29.4",
                "select2": "^4.1.0-rc.0",
                "select2-bootstrap-5-theme": "^1.3.0",
                "sweetalert2": "^11.4.29",
                "tinymce": "^6.1.2",
                "tinymce-i18n": "^22.8.26"
            }
        },
        "node_modules/@fortawesome/fontawesome-free": {
            "version": "6.5.2",
            "resolved": "https://registry.npmjs.org/@fortawesome/fontawesome-free/-/fontawesome-free-6.5.2.tgz",
            "integrity": "sha512-hRILoInAx8GNT5IMkrtIt9blOdrqHOnPBH+k70aWUAqPZPgopb9G5EQJFpaBx/S8zp2fC+mPW349Bziuk1o28Q==",
            "hasInstallScript": true,
            "engines": {
                "node": ">=6"
            }
        },
        "node_modules/@popperjs/core": {
            "version": "2.11.8",
            "resolved": "https://registry.npmjs.org/@popperjs/core/-/core-2.11.8.tgz",
            "integrity": "sha512-P1st0aksCrn9sGZhp8GMYwBnQsbvAWsZAX44oXNNvLHGqAOcoVxmjZiohstwQ7SqKnbR47akdNi+uleWD8+g6A==",
            "peer": true,
            "funding": {
                "type": "opencollective",
                "url": "https://opencollective.com/popperjs"
            }
        },
        "node_modules/asynckit": {
            "version": "0.4.0",
            "resolved": "https://registry.npmjs.org/asynckit/-/asynckit-0.4.0.tgz",
            "integrity": "sha512-Oei9OH4tRh0YqU3GxhX79dM/mwVgvbZJaSNaRk+bshkj0S5cfHcgYakreBjrHwatXKbz+IoIdYLxrKim2MjW0Q=="
        },
        "node_modules/axios": {
            "version": "0.27.2",
            "resolved": "https://registry.npmjs.org/axios/-/axios-0.27.2.tgz",
            "integrity": "sha512-t+yRIyySRTp/wua5xEr+z1q60QmLq8ABsS5O9Me1AsE5dfKqgnCFzwiCZZ/cGNd1lq4/7akDWMxdhVlucjmnOQ==",
            "dependencies": {
                "follow-redirects": "^1.14.9",
                "form-data": "^4.0.0"
            }
        },
        "node_modules/bootstrap": {
            "version": "4.6.2",
            "resolved": "https://registry.npmjs.org/bootstrap/-/bootstrap-4.6.2.tgz",
            "integrity": "sha512-51Bbp/Uxr9aTuy6ca/8FbFloBUJZLHwnhTcnjIeRn2suQWsWzcuJhGjKDB5eppVte/8oCdOL3VuwxvZDUggwGQ==",
            "funding": [
                {
                    "type": "github",
                    "url": "https://github.com/sponsors/twbs"
                },
                {
                    "type": "opencollective",
                    "url": "https://opencollective.com/bootstrap"
                }
            ],
            "peerDependencies": {
                "jquery": "1.9.1 - 3",
                "popper.js": "^1.16.1"
            }
        },
        "node_modules/bootstrap-fileinput": {
            "version": "5.5.4",
            "resolved": "https://registry.npmjs.org/bootstrap-fileinput/-/bootstrap-fileinput-5.5.4.tgz",
            "integrity": "sha512-GixhM6PzfIzzAPLAP73O6EZCpOTGzka1kEBiS+AfviF+kfZQWBQEl8V4/Keto2kB570/yZtmi6/n/PbD5nvD2A==",
            "hasInstallScript": true,
            "dependencies": {
                "bootstrap": ">= 3.4.1",
                "jquery": ">= 1.9.0",
                "opencollective-postinstall": "^2.0.2"
            },
            "peerDependencies": {
                "bootstrap": ">= 3.0.0",
                "jquery": ">= 1.9.0"
            }
        },
        "node_modules/bootstrap-select": {
            "version": "1.13.18",
            "resolved": "https://registry.npmjs.org/bootstrap-select/-/bootstrap-select-1.13.18.tgz",
            "integrity": "sha512-V1IzK4rxBq5FrJtkzSH6RmFLFBsjx50byFbfAf8jYyXROWs7ZpprGjdHeoyq2HSsHyjJhMMwjsQhRoYAfxCGow==",
            "peerDependencies": {
                "bootstrap": ">=3.0.0",
                "jquery": "1.9.1 - 3"
            }
        },
        "node_modules/combined-stream": {
            "version": "1.0.8",
            "resolved": "https://registry.npmjs.org/combined-stream/-/combined-stream-1.0.8.tgz",
            "integrity": "sha512-FQN4MRfuJeHf7cBbBMJFXhKSDq+2kAArBlmRBvcvFE5BB1HZKXtSFASDhdlz9zOYwxh8lDdnvmMOe/+5cdoEdg==",
            "dependencies": {
                "delayed-stream": "~1.0.0"
            },
            "engines": {
                "node": ">= 0.8"
            }
        },
        "node_modules/cropper": {
            "version": "4.1.0",
            "resolved": "https://registry.npmjs.org/cropper/-/cropper-4.1.0.tgz",
            "integrity": "sha512-dNbkWNT606oMgRQ2aYMerDnPpSVLBMTWyERDHsDwih1ahJiVpyfSM9ev/n6G4ElfRG8t0shUZ5FXLg7YtmDdBQ==",
            "dependencies": {
                "cropperjs": "^1.5.6"
            },
            "peerDependencies": {
                "jquery": ">=1.9.1"
            }
        },
        "node_modules/cropperjs": {
            "version": "1.6.2",
            "resolved": "https://registry.npmjs.org/cropperjs/-/cropperjs-1.6.2.tgz",
            "integrity": "sha512-nhymn9GdnV3CqiEHJVai54TULFAE3VshJTXSqSJKa8yXAKyBKDWdhHarnlIPrshJ0WMFTGuFvG02YjLXfPiuOA=="
        },
        "node_modules/daterangepicker": {
            "version": "3.1.0",
            "resolved": "https://registry.npmjs.org/daterangepicker/-/daterangepicker-3.1.0.tgz",
            "integrity": "sha512-DxWXvvPq4srWLCqFugqSV+6CBt/CvQ0dnpXhQ3gl0autcIDAruG1PuGG3gC7yPRNytAD1oU1AcUOzaYhOawhTw==",
            "dependencies": {
                "jquery": ">=1.10",
                "moment": "^2.9.0"
            }
        },
        "node_modules/delayed-stream": {
            "version": "1.0.0",
            "resolved": "https://registry.npmjs.org/delayed-stream/-/delayed-stream-1.0.0.tgz",
            "integrity": "sha512-ZySD7Nf91aLB0RxL4KGrKHBXl7Eds1DAmEdcoVawXnLD7SDhpNgtuII2aAkg7a7QS41jxPSZ17p4VdGnMHk3MQ==",
            "engines": {
                "node": ">=0.4.0"
            }
        },
        "node_modules/follow-redirects": {
            "version": "1.15.6",
            "resolved": "https://registry.npmjs.org/follow-redirects/-/follow-redirects-1.15.6.tgz",
            "integrity": "sha512-wWN62YITEaOpSK584EZXJafH1AGpO8RVgElfkuXbTOrPX4fIfOyEpW/CsiNd8JdYrAoOvafRTOEnvsO++qCqFA==",
            "funding": [
                {
                    "type": "individual",
                    "url": "https://github.com/sponsors/RubenVerborgh"
                }
            ],
            "engines": {
                "node": ">=4.0"
            },
            "peerDependenciesMeta": {
                "debug": {
                    "optional": true
                }
            }
        },
        "node_modules/form-data": {
            "version": "4.0.0",
            "resolved": "https://registry.npmjs.org/form-data/-/form-data-4.0.0.tgz",
            "integrity": "sha512-ETEklSGi5t0QMZuiXoA/Q6vcnxcLQP5vdugSpuAyi6SVGi2clPPp+xgEhuMaHC+zGgn31Kd235W35f7Hykkaww==",
            "dependencies": {
                "asynckit": "^0.4.0",
                "combined-stream": "^1.0.8",
                "mime-types": "^2.1.12"
            },
            "engines": {
                "node": ">= 6"
            }
        },
        "node_modules/jquery": {
            "version": "3.7.1",
            "resolved": "https://registry.npmjs.org/jquery/-/jquery-3.7.1.tgz",
            "integrity": "sha512-m4avr8yL8kmFN8psrbFFFmB/If14iN5o9nw/NgnnM+kybDJpRsAynV2BsfpTYrTRysYUdADVD7CkUUizgkpLfg=="
        },
        "node_modules/jquery-ui-dist": {
            "version": "1.13.2",
            "resolved": "https://registry.npmjs.org/jquery-ui-dist/-/jquery-ui-dist-1.13.2.tgz",
            "integrity": "sha512-oVDRd1NLtTbBwpRKAYdIRgpWVDzeBhfy7Gu0RmY6JEaZtmBq6kDn1pm5SgDiAotrnDS+RoTRXO6xvcNTxA9tOA==",
            "dependencies": {
                "jquery": ">=1.8.0 <4.0.0"
            }
        },
        "node_modules/mime-db": {
            "version": "1.52.0",
            "resolved": "https://registry.npmjs.org/mime-db/-/mime-db-1.52.0.tgz",
            "integrity": "sha512-sPU4uV7dYlvtWJxwwxHD0PuihVNiE7TyAbQ5SWxDCB9mUYvOgroQOwYQQOKPJ8CIbE+1ETVlOoK1UC2nU3gYvg==",
            "engines": {
                "node": ">= 0.6"
            }
        },
        "node_modules/mime-types": {
            "version": "2.1.35",
            "resolved": "https://registry.npmjs.org/mime-types/-/mime-types-2.1.35.tgz",
            "integrity": "sha512-ZDY+bPm5zTTF+YpCrAU9nK0UgICYPT0QtT1NZWFv4s++TNkcgVaT0g6+4R2uI4MjQjzysHB1zxuWL50hzaeXiw==",
            "dependencies": {
                "mime-db": "1.52.0"
            },
            "engines": {
                "node": ">= 0.6"
            }
        },
        "node_modules/moment": {
            "version": "2.30.1",
            "resolved": "https://registry.npmjs.org/moment/-/moment-2.30.1.tgz",
            "integrity": "sha512-uEmtNhbDOrWPFS+hdjFCBfy9f2YoyzRpwcl+DqpC6taX21FzsTLQVbMV/W7PzNSX6x/bhC1zA3c2UQ5NzH6how==",
            "engines": {
                "node": "*"
            }
        },
        "node_modules/opencollective-postinstall": {
            "version": "2.0.3",
            "resolved": "https://registry.npmjs.org/opencollective-postinstall/-/opencollective-postinstall-2.0.3.tgz",
            "integrity": "sha512-8AV/sCtuzUeTo8gQK5qDZzARrulB3egtLzFgteqB2tcT4Mw7B8Kt7JcDHmltjz6FOAHsvTevk70gZEbhM4ZS9Q==",
            "bin": {
                "opencollective-postinstall": "index.js"
            }
        },
        "node_modules/popper.js": {
            "version": "1.16.1",
            "resolved": "https://registry.npmjs.org/popper.js/-/popper.js-1.16.1.tgz",
            "integrity": "sha512-Wb4p1J4zyFTbM+u6WuO4XstYx4Ky9Cewe4DWrel7B0w6VVICvPwdOpotjzcf6eD8TsckVnIMNONQyPIUFOUbCQ==",
            "deprecated": "You can find the new Popper v2 at @popperjs/core, this package is dedicated to the legacy v1",
            "peer": true,
            "funding": {
                "type": "opencollective",
                "url": "https://opencollective.com/popperjs"
            }
        },
        "node_modules/select2": {
            "version": "4.1.0-rc.0",
            "resolved": "https://registry.npmjs.org/select2/-/select2-4.1.0-rc.0.tgz",
            "integrity": "sha512-Hr9TdhyHCZUtwznEH2CBf7967mEM0idtJ5nMtjvk3Up5tPukOLXbHUNmh10oRfeNIhj+3GD3niu+g6sVK+gK0A=="
        },
        "node_modules/select2-bootstrap-5-theme": {
            "version": "1.3.0",
            "resolved": "https://registry.npmjs.org/select2-bootstrap-5-theme/-/select2-bootstrap-5-theme-1.3.0.tgz",
            "integrity": "sha512-uEJDruP4tmwyKcs3V0oP7CIsyC45PGF5ddo8unwTp8OucJ1PSuTOBr+xbWaHTQPGnvp7N96psVQ5UBMQvFCcHA==",
            "dependencies": {
                "bootstrap": "^5.1.3"
            }
        },
        "node_modules/select2-bootstrap-5-theme/node_modules/bootstrap": {
            "version": "5.3.3",
            "resolved": "https://registry.npmjs.org/bootstrap/-/bootstrap-5.3.3.tgz",
            "integrity": "sha512-8HLCdWgyoMguSO9o+aH+iuZ+aht+mzW0u3HIMzVu7Srrpv7EBBxTnrFlSCskwdY1+EOFQSm7uMJhNQHkdPcmjg==",
            "funding": [
                {
                    "type": "github",
                    "url": "https://github.com/sponsors/twbs"
                },
                {
                    "type": "opencollective",
                    "url": "https://opencollective.com/bootstrap"
                }
            ],
            "peerDependencies": {
                "@popperjs/core": "^2.11.8"
            }
        },
        "node_modules/sweetalert2": {
            "version": "11.10.8",
            "resolved": "https://registry.npmjs.org/sweetalert2/-/sweetalert2-11.10.8.tgz",
            "integrity": "sha512-oAkYROBfXBY+4sVbQEIcN+ZxAx69lsmz5WEBwdEpyS4m59vOBNlRU5/fJpAI1MVfiDwFZiGwVzB/KBpOyfLNtg==",
            "funding": {
                "type": "individual",
                "url": "https://github.com/sponsors/limonte"
            }
        },
        "node_modules/tinymce": {
            "version": "6.8.3",
            "resolved": "https://registry.npmjs.org/tinymce/-/tinymce-6.8.3.tgz",
            "integrity": "sha512-3fCHKAeqT+xNwBVESf6iDbDV0VNwZNmfrkx9c/6Gz5iB8piMfaO6s7FvoiTrj1hf1gVbfyLTnz1DooI6DhgINQ=="
        },
        "node_modules/tinymce-i18n": {
            "version": "22.12.27",
            "resolved": "https://registry.npmjs.org/tinymce-i18n/-/tinymce-i18n-22.12.27.tgz",
            "integrity": "sha512-vRanI30NxPKL3igTikx0YTvgflp4R2HbToeiTFvZiNbUtabnUJECKR0ZaJKbFt+6bcscrUPFpiZbwV2sHM2nYA=="
        }
    }
}
